
Microsoft Visual Studio Solution File, Format Version 12.00
# Visual Studio Version 17
VisualStudioVersion = 17.10.35027.167
MinimumVisualStudioVersion = 10.0.40219.1
Project("{FAE04EC0-301F-11D3-BF4B-00C04F79EFBC}") = "While-vs-Do-While", "While-vs-Do-While\While-vs-Do-While.csproj", "{F17F535F-F960-4A5F-ADF8-831A7E003732}"
EndProject
Global
	GlobalSection(SolutionConfigurationPlatforms) = preSolution
		Debug|Any CPU = Debug|Any CPU
		Release|Any CPU = Release|Any CPU
	EndGlobalSection
	GlobalSection(ProjectConfigurationPlatforms) = postSolution
		{F17F535F-F960-4A5F-ADF8-831A7E003732}.Debug|Any CPU.ActiveCfg = Debug|Any CPU
		{F17F535F-F960-4A5F-ADF8-831A7E003732}.Debug|Any CPU.Build.0 = Debug|Any CPU
		{F17F535F-F960-4A5F-ADF8-831A7E003732}.Release|Any CPU.ActiveCfg = Release|Any CPU
		{F17F535F-F960-4A5F-ADF8-831A7E003732}.Release|Any CPU.Build.0 = Release|Any CPU
	EndGlobalSection
	GlobalSection(SolutionProperties) = preSolution
		HideSolutionNode = FALSE
	EndGlobalSection
	GlobalSection(ExtensibilityGlobals) = postSolution
		SolutionGuid = {B680AE42-FAF5-4281-939F-DCD84CB20EE7}
	EndGlobalSection
EndGlobal
